
Microsoft Visual Studio Solution File, Format Version 12.00
# Visual Studio Version 16
VisualStudioVersion = 16.0.32106.194
MinimumVisualStudioVersion = 10.0.40219.1
Project("{FAE04EC0-301F-11D3-BF4B-00C04F79EFBC}") = "WebAPI.PhoneBook", "WebAPI.PhoneBook\WebAPI.PhoneBook.csproj", "{BDB6DBBA-4E7A-4889-A9D2-9AB4BF34EB8E}"
EndProject
Global
	GlobalSection(SolutionConfigurationPlatforms) = preSolution
		Debug|Any CPU = Debug|Any CPU
		Release|Any CPU = Release|Any CPU
	EndGlobalSection
	GlobalSection(ProjectConfigurationPlatforms) = postSolution
		{BDB6DBBA-4E7A-4889-A9D2-9AB4BF34EB8E}.Debug|Any CPU.ActiveCfg = Debug|Any CPU
		{BDB6DBBA-4E7A-4889-A9D2-9AB4BF34EB8E}.Debug|Any CPU.Build.0 = Debug|Any CPU
		{BDB6DBBA-4E7A-4889-A9D2-9AB4BF34EB8E}.Release|Any CPU.ActiveCfg = Release|Any CPU
		{BDB6DBBA-4E7A-4889-A9D2-9AB4BF34EB8E}.Release|Any CPU.Build.0 = Release|Any CPU
	EndGlobalSection
	GlobalSection(SolutionProperties) = preSolution
		HideSolutionNode = FALSE
	EndGlobalSection
	GlobalSection(ExtensibilityGlobals) = postSolution
		SolutionGuid = {DF130C0D-9D15-44E7-84D8-B8D706C854BB}
	EndGlobalSection
EndGlobal
